
Microsoft Visual Studio Solution File, Format Version 12.00
# Visual Studio 15
VisualStudioVersion = 15.0.28010.2026
MinimumVisualStudioVersion = 10.0.40219.1
Project("{FAE04EC0-301F-11D3-BF4B-00C04F79EFBC}") = "FiguresLib", "FiguresLib\FiguresLib.csproj", "{95A93DA1-21E4-418A-83AC-E9EADE0DA44E}"
EndProject
Project("{FAE04EC0-301F-11D3-BF4B-00C04F79EFBC}") = "FiguresTestApp", "FiguresTestApp\FiguresTestApp.csproj", "{69E3F3C0-5751-4955-B9B6-197E1EF91E2C}"
EndProject
Global
	GlobalSection(SolutionConfigurationPlatforms) = preSolution
		Debug|Any CPU = Debug|Any CPU
		Release|Any CPU = Release|Any CPU
	EndGlobalSection
	GlobalSection(ProjectConfigurationPlatforms) = postSolution
		{95A93DA1-21E4-418A-83AC-E9EADE0DA44E}.Debug|Any CPU.ActiveCfg = Debug|Any CPU
		{95A93DA1-21E4-418A-83AC-E9EADE0DA44E}.Debug|Any CPU.Build.0 = Debug|Any CPU
		{95A93DA1-21E4-418A-83AC-E9EADE0DA44E}.Release|Any CPU.ActiveCfg = Release|Any CPU
		{95A93DA1-21E4-418A-83AC-E9EADE0DA44E}.Release|Any CPU.Build.0 = Release|Any CPU
		{69E3F3C0-5751-4955-B9B6-197E1EF91E2C}.Debug|Any CPU.ActiveCfg = Debug|Any CPU
		{69E3F3C0-5751-4955-B9B6-197E1EF91E2C}.Debug|Any CPU.Build.0 = Debug|Any CPU
		{69E3F3C0-5751-4955-B9B6-197E1EF91E2C}.Release|Any CPU.ActiveCfg = Release|Any CPU
		{69E3F3C0-5751-4955-B9B6-197E1EF91E2C}.Release|Any CPU.Build.0 = Release|Any CPU
	EndGlobalSection
	GlobalSection(SolutionProperties) = preSolution
		HideSolutionNode = FALSE
	EndGlobalSection
	GlobalSection(ExtensibilityGlobals) = postSolution
		SolutionGuid = {8477DB6D-DBCC-4131-A081-DADCC44F2CB1}
	EndGlobalSection
EndGlobal
